
Microsoft Visual Studio Solution File, Format Version 12.00
# Visual Studio 15
VisualStudioVersion = 15.0.26014.0
MinimumVisualStudioVersion = 10.0.40219.1
Project("{FAE04EC0-301F-11D3-BF4B-00C04F79EFBC}") = "sudoku", "sudoku\sudoku.csproj", "{87191D33-1A63-42A7-A811-90523CA4AE21}"
EndProject
Global
	GlobalSection(SolutionConfigurationPlatforms) = preSolution
		Debug|Any CPU = Debug|Any CPU
		Release|Any CPU = Release|Any CPU
	EndGlobalSection
	GlobalSection(ProjectConfigurationPlatforms) = postSolution
		{87191D33-1A63-42A7-A811-90523CA4AE21}.Debug|Any CPU.ActiveCfg = Debug|Any CPU
		{87191D33-1A63-42A7-A811-90523CA4AE21}.Debug|Any CPU.Build.0 = Debug|Any CPU
		{87191D33-1A63-42A7-A811-90523CA4AE21}.Release|Any CPU.ActiveCfg = Release|Any CPU
		{87191D33-1A63-42A7-A811-90523CA4AE21}.Release|Any CPU.Build.0 = Release|Any CPU
	EndGlobalSection
	GlobalSection(SolutionProperties) = preSolution
		HideSolutionNode = FALSE
	EndGlobalSection
EndGlobal
